
Microsoft Visual Studio Solution File, Format Version 12.00
# Visual Studio Version 17
VisualStudioVersion = 17.11.34929.205
MinimumVisualStudioVersion = 10.0.40219.1
Project("{9A19103F-16F7-4668-BE54-9A1E7A4F7556}") = "LogMeIn", "LogMeIn.csproj", "{46E6BA30-7F0C-4DB0-AF56-C555D48DA789}"
EndProject
Global
	GlobalSection(SolutionConfigurationPlatforms) = preSolution
		Debug|Any CPU = Debug|Any CPU
		Release|Any CPU = Release|Any CPU
	EndGlobalSection
	GlobalSection(ProjectConfigurationPlatforms) = postSolution
		{46E6BA30-7F0C-4DB0-AF56-C555D48DA789}.Debug|Any CPU.ActiveCfg = Debug|Any CPU
		{46E6BA30-7F0C-4DB0-AF56-C555D48DA789}.Debug|Any CPU.Build.0 = Debug|Any CPU
		{46E6BA30-7F0C-4DB0-AF56-C555D48DA789}.Release|Any CPU.ActiveCfg = Release|Any CPU
		{46E6BA30-7F0C-4DB0-AF56-C555D48DA789}.Release|Any CPU.Build.0 = Release|Any CPU
	EndGlobalSection
	GlobalSection(SolutionProperties) = preSolution
		HideSolutionNode = FALSE
	EndGlobalSection
	GlobalSection(ExtensibilityGlobals) = postSolution
		SolutionGuid = {50773F7D-0336-4B90-A43D-D3CBE4043805}
	EndGlobalSection
EndGlobal
